{
  "lockfileVersion": 1,
  "configVersion": 0,
  "workspaces": {
    "": {
      "name": "twitchbot",
      "dependencies": {
        "@tmi.js/chat": "0.8.0",
      },
      "devDependencies": {
        "@biomejs/biome": "2.5.15",
        "@types/bun": "^1.4.2",
      },
      "peerDependencies": {
        "typescript": "^7.0.2",
      },
    },
  },
  "packages": {
    "@biomejs/biome": ["@biomejs/biome@2.5.15", "", { "optionalDependencies": { "@biomejs/cli-darwin-arm64": "2.5.15", "@biomejs/cli-darwin-x64": "2.5.15", "@biomejs/cli-linux-arm64": "2.5.15", "@biomejs/cli-linux-arm64-musl": "2.5.15", "@biomejs/cli-linux-x64": "2.5.15", "@biomejs/cli-linux-x64-musl": "2.5.15", "@biomejs/cli-win32-arm64": "2.5.15", "@biomejs/cli-win32-x64": "2.5.15" }, "bin": { "biome": "bin/biome" } }, "sha512-WZTW4slm/pdkh92K6t/3aEN++44JD1PQ7squ7RCMLI1flHGl43DVOIGXvCjHiZgBMO1V4uYxoFNtqrIA4qGuIQ=="],

    "@biomejs/cli-darwin-arm64": ["@biomejs/cli-darwin-arm64@2.5.15", "", { "os": "darwin", "cpu": "arm64" }, "sha512-BZVzFhJ/mUvTLMYbc9x6el0o2Uv5zP7bACYyhFb6fSc1giroXm7PL0a5KqMJ9F+/BnkYRjagD/ROSDVOZ6eapg=="],

    "@biomejs/cli-darwin-x64": ["@biomejs/cli-darwin-x64@2.5.15", "", { "os": "darwin", "cpu": "x64" }, "sha512-V5Kw63V+fVGNFhFrizDxMbGXAzZCh8kYzJpy3GI6gTapWDg7bZK9oYC9CbVgQSEdTnupz0U5Efz8Ev+5vdBBXw=="],

    "@biomejs/cli-linux-arm64": ["@biomejs/cli-linux-arm64@2.5.15", "", { "os": "linux", "cpu": "arm64" }, "sha512-XaG7P7eeSLYETD3K9grfB0mQmpLQZjygdbsxekWBJAg4am79fGAtRpfRyNnTvXB2fZFNnJZG3nXm7HBat0+VUw=="],

    "@biomejs/cli-linux-arm64-musl": ["@biomejs/cli-linux-arm64-musl@2.5.15", "", { "os": "linux", "cpu": "arm64" }, "sha512-tGzZUTcJCV7tj5Adh/Gn6nR4MycqA3iohq2LEcrarAgRBkU0h0OKd2UzCRkOsOYOuUGaUJb4YmqRqyy2feGGSw=="],

    "@biomejs/cli-linux-x64": ["@biomejs/cli-linux-x64@2.5.15", "", { "os": "linux", "cpu": "x64" }, "sha512-xE4iEW/3LqlYj9GFgGrFsFSH51dEEpUbYWBfeOv0q87WkUDxK2o/HhreSb7qMJqck70RVM6Lg96hgedcAYcOkA=="],

    "@biomejs/cli-linux-x64-musl": ["@biomejs/cli-linux-x64-musl@2.5.15", "", { "os": "linux", "cpu": "x64" }, "sha512-IlxUcyxilVGPsE008x13pWdkTbU3nQpP2i9b5UrbOYj6goBkKsRX1XB7yJLcV+O1H9LBchIIm4adOaVLZBX0ZQ=="],

    "@biomejs/cli-win32-arm64": ["@biomejs/cli-win32-arm64@2.5.15", "", { "os": "win32", "cpu": "arm64" }, "sha512-2kPKzhNlm8C+Ru3GcO0Me2ODkCBLrVOUNuyi84RJyWDVKAA4+Kjj3jMjL938lF6BRfvltC4vB2nPY9SvN51Ovg=="],

    "@biomejs/cli-win32-x64": ["@biomejs/cli-win32-x64@2.5.15", "", { "os": "win32", "cpu": "x64" }, "sha512-yAzh4UqEImV6Hcy0zjUqNfJAsUhoD64FBQCdTG8Md/Z2wQeVP/ZmJ3XRYAs1g8J9fjTFyl2fCtc5FB5til47+g=="],

    "@tmi.js/chat": ["@tmi.js/chat@0.8.0", "", { "dependencies": { "@tmi.js/irc-parser": "^0.5.0" } }, "sha512-fkJnRWoRTcD+sc2Q2/p0DWua4scq8uTM+RNUtAM5Xeg1otAJqEmqGO4+Ek3ExrKrzr1MUoZWmp13qTV0VSHw6w=="],

    "@tmi.js/irc-parser": ["@tmi.js/irc-parser@0.5.0", "", {}, "sha512-CReUjEyOxqGyIJOffC3z3W5LLp7IxdnYRtbfPQlmiGoaoNWAVHWDNm9mY4twIo56b0D3aJDOglDY7ZUAMKWdrQ=="],

    "@types/bun": ["@types/bun@1.4.2", "", { "dependencies": { "bun-types": "1.4.2" } }, "sha512-GimotNn7+ZV0uVArItBbriZsR1oNf0+WTzPkdcFrzShI7k2norL0uzEaJT8T33dWr7O/c9ZDuAFQrctKCi72oQ=="],

    "@types/node": ["@types/node@24.10.1", "", { "dependencies": { "undici-types": "~7.16.0" } }, "sha512-GNWcUTRBgIRJD5zj+Tq0fKOJ5XZajIiBroOF0yvj2bSU1WvNdYS/dn9UxwsujGW4JX06dnHyjV2y9rRaybH0iQ=="],

    "bun-types": ["bun-types@1.4.2", "", { "dependencies": { "@types/node": "*" } }, "sha512-bxV1FgK7yBIzjRe5zBozIM4Bem11ZJcCXSrjWRG3YWLt8yFDePu4cLjpebO8OvPeIE9trbyPF4fuj3Cia4Fj3w=="],

    "typescript": ["typescript@5.9.3", "", { "bin": { "tsc": "bin/tsc", "tsserver": "bin/tsserver" } }, "sha512-jl1vZzPDinLr9eUt3J/t7V6FgNEw9QjvBPdysz9KfQDD41fQrC2Y4vKQdiaUpFT4bXlb1RHhLpp8wtm6M5TgSw=="],

    "undici-types": ["undici-types@7.16.0", "", {}, "sha512-Zz+aZWSj8LE6zoxD+xrjh4VfkIG8Ya6LvYkZqtUQGJPZjYl53ypCaUwWqo7eI0x66KBGeRo+mlBEkMSeSZ38Nw=="],
  }
}
